
Microsoft Visual Studio Solution File, Format Version 12.00
# Visual Studio 15
VisualStudioVersion = 15.0.28010.2046
MinimumVisualStudioVersion = 10.0.40219.1
Project("{FAE04EC0-301F-11D3-BF4B-00C04F79EFBC}") = "graph-coloring", "graph-coloring\graph-coloring.csproj", "{2CFDCE20-C716-4486-AD0B-4CDB0CBA9DFF}"
EndProject
Global
	GlobalSection(SolutionConfigurationPlatforms) = preSolution
		Debug|Any CPU = Debug|Any CPU
		Release|Any CPU = Release|Any CPU
	EndGlobalSection
	GlobalSection(ProjectConfigurationPlatforms) = postSolution
		{2CFDCE20-C716-4486-AD0B-4CDB0CBA9DFF}.Debug|Any CPU.ActiveCfg = Debug|Any CPU
		{2CFDCE20-C716-4486-AD0B-4CDB0CBA9DFF}.Debug|Any CPU.Build.0 = Debug|Any CPU
		{2CFDCE20-C716-4486-AD0B-4CDB0CBA9DFF}.Release|Any CPU.ActiveCfg = Release|Any CPU
		{2CFDCE20-C716-4486-AD0B-4CDB0CBA9DFF}.Release|Any CPU.Build.0 = Release|Any CPU
	EndGlobalSection
	GlobalSection(SolutionProperties) = preSolution
		HideSolutionNode = FALSE
	EndGlobalSection
	GlobalSection(ExtensibilityGlobals) = postSolution
		SolutionGuid = {B847484C-7274-4058-8551-41C5CB282EE1}
	EndGlobalSection
EndGlobal
